
Microsoft Visual Studio Solution File, Format Version 12.00
# Visual Studio Version 16
VisualStudioVersion = 16.0.30611.23
MinimumVisualStudioVersion = 10.0.40219.1
Project("{FAE04EC0-301F-11D3-BF4B-00C04F79EFBC}") = "Sticker", "Sticker\Sticker.csproj", "{AEE28126-2323-4C89-89AD-AF71D9DF13C7}"
EndProject
Global
	GlobalSection(SolutionConfigurationPlatforms) = preSolution
		Debug|Any CPU = Debug|Any CPU
		Release|Any CPU = Release|Any CPU
	EndGlobalSection
	GlobalSection(ProjectConfigurationPlatforms) = postSolution
		{AEE28126-2323-4C89-89AD-AF71D9DF13C7}.Debug|Any CPU.ActiveCfg = Debug|Any CPU
		{AEE28126-2323-4C89-89AD-AF71D9DF13C7}.Debug|Any CPU.Build.0 = Debug|Any CPU
		{AEE28126-2323-4C89-89AD-AF71D9DF13C7}.Release|Any CPU.ActiveCfg = Release|Any CPU
		{AEE28126-2323-4C89-89AD-AF71D9DF13C7}.Release|Any CPU.Build.0 = Release|Any CPU
	EndGlobalSection
	GlobalSection(SolutionProperties) = preSolution
		HideSolutionNode = FALSE
	EndGlobalSection
	GlobalSection(ExtensibilityGlobals) = postSolution
		SolutionGuid = {D1C16A95-AA50-47D2-8556-E22D599B7CEC}
	EndGlobalSection
EndGlobal
